Microsoft Visual Studio Solution File, Format Version 12.00
# Visual Studio 2012
Project("{FAE04EC0-301F-11D3-BF4B-00C04F79EFBC}") = "The Vital Minute", "The Vital Minute.csproj", "{1F72E44E-EAD0-4FC5-905F-770F22AA6729}"
EndProject
Global
	GlobalSection(SolutionConfigurationPlatforms) = preSolution
	Debug|Any CPU = Debug|Any CPU
	ExportDebug|Any CPU = ExportDebug|Any CPU
	ExportRelease|Any CPU = ExportRelease|Any CPU
	EndGlobalSection
	GlobalSection(ProjectConfigurationPlatforms) = postSolution
		{1F72E44E-EAD0-4FC5-905F-770F22AA6729}.Debug|Any CPU.ActiveCfg = Debug|Any CPU
		{1F72E44E-EAD0-4FC5-905F-770F22AA6729}.Debug|Any CPU.Build.0 = Debug|Any CPU
		{1F72E44E-EAD0-4FC5-905F-770F22AA6729}.ExportDebug|Any CPU.ActiveCfg = ExportDebug|Any CPU
		{1F72E44E-EAD0-4FC5-905F-770F22AA6729}.ExportDebug|Any CPU.Build.0 = ExportDebug|Any CPU
		{1F72E44E-EAD0-4FC5-905F-770F22AA6729}.ExportRelease|Any CPU.ActiveCfg = ExportRelease|Any CPU
		{1F72E44E-EAD0-4FC5-905F-770F22AA6729}.ExportRelease|Any CPU.Build.0 = ExportRelease|Any CPU
	EndGlobalSection
EndGlobal
